
Microsoft Visual Studio Solution File, Format Version 12.00
# Visual Studio 15
VisualStudioVersion = 15.0.27428.2037
MinimumVisualStudioVersion = 10.0.40219.1
Project("{FAE04EC0-301F-11D3-BF4B-00C04F79EFBC}") = "ConsoleApp.ProblemsSolvedUsingBuilderPattern", "ConsoleApp.ProblemsSolvedUsingBuilderPattern\ConsoleApp.ProblemsSolvedUsingBuilderPattern.csproj", "{EA5ACA16-5052-456C-B637-454ED649B394}"
EndProject
Project("{FAE04EC0-301F-11D3-BF4B-00C04F79EFBC}") = "Domain", "Domain\Domain.csproj", "{63AC69D6-DA5A-404F-9B36-F6E86B818E1E}"
EndProject
Global
	GlobalSection(SolutionConfigurationPlatforms) = preSolution
		Debug|Any CPU = Debug|Any CPU
		Release|Any CPU = Release|Any CPU
	EndGlobalSection
	GlobalSection(ProjectConfigurationPlatforms) = postSolution
		{EA5ACA16-5052-456C-B637-454ED649B394}.Debug|Any CPU.ActiveCfg = Debug|Any CPU
		{EA5ACA16-5052-456C-B637-454ED649B394}.Debug|Any CPU.Build.0 = Debug|Any CPU
		{EA5ACA16-5052-456C-B637-454ED649B394}.Release|Any CPU.ActiveCfg = Release|Any CPU
		{EA5ACA16-5052-456C-B637-454ED649B394}.Release|Any CPU.Build.0 = Release|Any CPU
		{63AC69D6-DA5A-404F-9B36-F6E86B818E1E}.Debug|Any CPU.ActiveCfg = Debug|Any CPU
		{63AC69D6-DA5A-404F-9B36-F6E86B818E1E}.Debug|Any CPU.Build.0 = Debug|Any CPU
		{63AC69D6-DA5A-404F-9B36-F6E86B818E1E}.Release|Any CPU.ActiveCfg = Release|Any CPU
		{63AC69D6-DA5A-404F-9B36-F6E86B818E1E}.Release|Any CPU.Build.0 = Release|Any CPU
	EndGlobalSection
	GlobalSection(SolutionProperties) = preSolution
		HideSolutionNode = FALSE
	EndGlobalSection
	GlobalSection(ExtensibilityGlobals) = postSolution
		SolutionGuid = {31887BB6-4ED2-4A9C-9FC3-6DA50477BE8E}
	EndGlobalSection
EndGlobal
